<?xml version="1.0" encoding="utf-8"?>
<Project ToolsVersion="4.0" xmlns="http://schemas.microsoft.com/developer/msbuild/2003">
  <ItemGroup>
    <Filter Include="ソース ファイル">
      <UniqueIdentifier>{4FC737F1-C7A5-4376-A066-2A32D752A2FF}</UniqueIdentifier>
      <Extensions>cpp;c;cc;cxx;def;odl;idl;hpj;bat;asm;asmx</Extensions>
    </Filter>
    <Filter Include="ヘッダー ファイル">
      <UniqueIdentifier>{93995380-89BD-4b04-88EB-625FBE52EBFB}</UniqueIdentifier>
      <Extensions>h;hh;hpp;hxx;hm;inl;inc;ipp;xsd</Extensions>
    </Filter>
    <Filter Include="リソース ファイル">
      <UniqueIdentifier>{67DA6AB6-F800-4c08-8B7A-83BB121AAD01}</UniqueIdentifier>
      <Extensions>rc;ico;cur;bmp;dlg;rc2;rct;bin;rgs;gif;jpg;jpeg;jpe;resx;tiff;tif;png;wav;mfcribbon-ms</Extensions>
    </Filter>
    <Filter Include="ヘッダー ファイル\title">
      <UniqueIdentifier>{10ebc352-74ad-4ae0-a38c-657e668520b2}</UniqueIdentifier>
    </Filter>
    <Filter Include="ヘッダー ファイル\SceneMain">
      <UniqueIdentifier>{c4ab471b-a843-4834-af93-464af97004ca}</UniqueIdentifier>
    </Filter>
  </ItemGroup>
  <ItemGroup>
    <ClInclude Include="..\..\チーム開発\GameL\Audio.h">
      <Filter>リソース ファイル</Filter>
    </ClInclude>
    <ClInclude Include="..\..\チーム開発\GameL\DirectXDevice.h">
      <Filter>リソース ファイル</Filter>
    </ClInclude>
    <ClInclude Include="..\..\チーム開発\GameL\DrawFont.h">
      <Filter>リソース ファイル</Filter>
    </ClInclude>
    <ClInclude Include="..\..\チーム開発\GameL\DrawTexture.h">
      <Filter>リソース ファイル</Filter>
    </ClInclude>
    <ClInclude Include="..\..\チーム開発\GameL\HitBoxManager.h">
      <Filter>リソース ファイル</Filter>
    </ClInclude>
    <ClInclude Include="..\..\チーム開発\GameL\MultiThread.h">
      <Filter>リソース ファイル</Filter>
    </ClInclude>
    <ClInclude Include="..\..\チーム開発\GameL\SceneManager.h">
      <Filter>リソース ファイル</Filter>
    </ClInclude>
    <ClInclude Include="..\..\チーム開発\GameL\SceneObjManager.h">
      <Filter>リソース ファイル</Filter>
    </ClInclude>
    <ClInclude Include="..\..\チーム開発\GameL\SetWindow.h">
      <Filter>リソース ファイル</Filter>
    </ClInclude>
    <ClInclude Include="..\..\チーム開発\GameL\UserData.h">
      <Filter>リソース ファイル</Filter>
    </ClInclude>
    <ClInclude Include="..\..\チーム開発\GameL\WinInputs.h">
      <Filter>リソース ファイル</Filter>
    </ClInclude>
    <ClInclude Include="..\..\チーム開発\main.h">
      <Filter>ヘッダー ファイル</Filter>
    </ClInclude>
    <ClInclude Include="SceneTitle.h">
      <Filter>ヘッダー ファイル\title</Filter>
    </ClInclude>
    <ClInclude Include="SceneMain.h">
      <Filter>ヘッダー ファイル\SceneMain</Filter>
    </ClInclude>
    <ClInclude Include="ObjHero.h">
      <Filter>ヘッダー ファイル\SceneMain</Filter>
    </ClInclude>
    <ClInclude Include="..\..\チーム開発\GameL\GameHead.h">
      <Filter>ヘッダー ファイル</Filter>
    </ClInclude>
    <ClInclude Include="ObjEnemy.h">
      <Filter>ヘッダー ファイル\SceneMain</Filter>
    </ClInclude>
    <ClInclude Include="ObjTitle.h">
      <Filter>ヘッダー ファイル\title</Filter>
    </ClInclude>
  </ItemGroup>
  <ItemGroup>
    <ClCompile Include="..\..\チーム開発\GameL\Audio.cpp">
      <Filter>リソース ファイル</Filter>
    </ClCompile>
    <ClCompile Include="..\..\チーム開発\GameL\DirectXDevice.cpp">
      <Filter>リソース ファイル</Filter>
    </ClCompile>
    <ClCompile Include="..\..\チーム開発\GameL\Draw2DTex_Source.cpp">
      <Filter>リソース ファイル</Filter>
    </ClCompile>
    <ClCompile Include="..\..\チーム開発\GameL\DrawFont.cpp">
      <Filter>リソース ファイル</Filter>
    </ClCompile>
    <ClCompile Include="..\..\チーム開発\GameL\DrawTexture.cpp">
      <Filter>リソース ファイル</Filter>
    </ClCompile>
    <ClCompile Include="..\..\チーム開発\GameL\GameL_Main.cpp">
      <Filter>リソース ファイル</Filter>
    </ClCompile>
    <ClCompile Include="..\..\チーム開発\GameL\HitBoxManager.cpp">
      <Filter>リソース ファイル</Filter>
    </ClCompile>
    <ClCompile Include="..\..\チーム開発\GameL\MultiThread.cpp">
      <Filter>リソース ファイル</Filter>
    </ClCompile>
    <ClCompile Include="..\..\チーム開発\GameL\SceneManager.cpp">
      <Filter>リソース ファイル</Filter>
    </ClCompile>
    <ClCompile Include="..\..\チーム開発\GameL\SceneObjManager.cpp">
      <Filter>リソース ファイル</Filter>
    </ClCompile>
    <ClCompile Include="..\..\チーム開発\GameL\SetWindow.cpp">
      <Filter>リソース ファイル</Filter>
    </ClCompile>
    <ClCompile Include="..\..\チーム開発\GameL\UserData.cpp">
      <Filter>リソース ファイル</Filter>
    </ClCompile>
    <ClCompile Include="..\..\チーム開発\GameL\WinInputs.cpp">
      <Filter>リソース ファイル</Filter>
    </ClCompile>
    <ClCompile Include="SceneTitle.cpp">
      <Filter>ヘッダー ファイル\title</Filter>
    </ClCompile>
    <ClCompile Include="SceneMain.cpp">
      <Filter>ヘッダー ファイル\SceneMain</Filter>
    </ClCompile>
    <ClCompile Include="ObjHero.cpp">
      <Filter>ヘッダー ファイル\SceneMain</Filter>
    </ClCompile>
    <ClCompile Include="ObjEnemy.cpp">
      <Filter>ヘッダー ファイル\SceneMain</Filter>
    </ClCompile>
    <ClCompile Include="ObjTitle.cpp">
      <Filter>ヘッダー ファイル\title</Filter>
    </ClCompile>
  </ItemGroup>
</Project>